
Microsoft Visual Studio Solution File, Format Version 12.00
# Visual Studio Version 17
VisualStudioVersion = 17.9.34728.123
MinimumVisualStudioVersion = 10.0.40219.1
Project("{FAE04EC0-301F-11D3-BF4B-00C04F79EFBC}") = "WpfApp13", "WpfApp13\WpfApp13.csproj", "{D9D625A9-9BD3-4324-BB61-8502B27A7351}"
EndProject
Global
	GlobalSection(SolutionConfigurationPlatforms) = preSolution
		Debug|Any CPU = Debug|Any CPU
		Release|Any CPU = Release|Any CPU
	EndGlobalSection
	GlobalSection(ProjectConfigurationPlatforms) = postSolution
		{D9D625A9-9BD3-4324-BB61-8502B27A7351}.Debug|Any CPU.ActiveCfg = Debug|Any CPU
		{D9D625A9-9BD3-4324-BB61-8502B27A7351}.Debug|Any CPU.Build.0 = Debug|Any CPU
		{D9D625A9-9BD3-4324-BB61-8502B27A7351}.Release|Any CPU.ActiveCfg = Release|Any CPU
		{D9D625A9-9BD3-4324-BB61-8502B27A7351}.Release|Any CPU.Build.0 = Release|Any CPU
	EndGlobalSection
	GlobalSection(SolutionProperties) = preSolution
		HideSolutionNode = FALSE
	EndGlobalSection
	GlobalSection(ExtensibilityGlobals) = postSolution
		SolutionGuid = {B83F6155-B563-4AC0-983F-11DCF25DCF76}
	EndGlobalSection
EndGlobal
